{
  "name": "Asterix",
  "lockfileVersion": 3,
  "requires": true,
  "packages": {
    "": {
      "devDependencies": {
        "@types/cesium": "^1.67.14"
      }
    },
    "node_modules/@types/cesium": {
      "version": "1.67.14",
      "resolved": "https://registry.npmjs.org/@types/cesium/-/cesium-1.67.14.tgz",
      "integrity": "sha512-BGek4o6VY25IqmpdBd1awlULSVjyRrbn111xI/LRZQf4QUPlYfsXOYkun8vcXr+u+iYQkh9LAYNf2h0lE95xcA==",
      "dev": true,
      "license": "MIT"
    }
  }
}
